
Microsoft Visual Studio Solution File, Format Version 12.00
# Visual Studio Version 16
VisualStudioVersion = 16.0.29230.47
MinimumVisualStudioVersion = 10.0.40219.1
Project("{FAE04EC0-301F-11D3-BF4B-00C04F79EFBC}") = "lab10", "lab10\lab10.csproj", "{69D694BE-DAE0-4FE0-99D5-9B11E6111488}"
EndProject
Global
	GlobalSection(SolutionConfigurationPlatforms) = preSolution
		Debug|Any CPU = Debug|Any CPU
		Release|Any CPU = Release|Any CPU
	EndGlobalSection
	GlobalSection(ProjectConfigurationPlatforms) = postSolution
		{69D694BE-DAE0-4FE0-99D5-9B11E6111488}.Debug|Any CPU.ActiveCfg = Debug|Any CPU
		{69D694BE-DAE0-4FE0-99D5-9B11E6111488}.Debug|Any CPU.Build.0 = Debug|Any CPU
		{69D694BE-DAE0-4FE0-99D5-9B11E6111488}.Release|Any CPU.ActiveCfg = Release|Any CPU
		{69D694BE-DAE0-4FE0-99D5-9B11E6111488}.Release|Any CPU.Build.0 = Release|Any CPU
	EndGlobalSection
	GlobalSection(SolutionProperties) = preSolution
		HideSolutionNode = FALSE
	EndGlobalSection
	GlobalSection(ExtensibilityGlobals) = postSolution
		SolutionGuid = {FA8720E6-F6B5-45CA-9DE0-C430858B438E}
	EndGlobalSection
EndGlobal
