
Microsoft Visual Studio Solution File, Format Version 12.00
# Visual Studio Version 16
VisualStudioVersion = 16.0.29230.47
MinimumVisualStudioVersion = 10.0.40219.1
Project("{FAE04EC0-301F-11D3-BF4B-00C04F79EFBC}") = "lab11", "lab11\lab11.csproj", "{D4981F36-2E74-42E1-9A98-6C9E8728D503}"
EndProject
Global
	GlobalSection(SolutionConfigurationPlatforms) = preSolution
		Debug|Any CPU = Debug|Any CPU
		Release|Any CPU = Release|Any CPU
	EndGlobalSection
	GlobalSection(ProjectConfigurationPlatforms) = postSolution
		{D4981F36-2E74-42E1-9A98-6C9E8728D503}.Debug|Any CPU.ActiveCfg = Debug|Any CPU
		{D4981F36-2E74-42E1-9A98-6C9E8728D503}.Debug|Any CPU.Build.0 = Debug|Any CPU
		{D4981F36-2E74-42E1-9A98-6C9E8728D503}.Release|Any CPU.ActiveCfg = Release|Any CPU
		{D4981F36-2E74-42E1-9A98-6C9E8728D503}.Release|Any CPU.Build.0 = Release|Any CPU
	EndGlobalSection
	GlobalSection(SolutionProperties) = preSolution
		HideSolutionNode = FALSE
	EndGlobalSection
	GlobalSection(ExtensibilityGlobals) = postSolution
		SolutionGuid = {DCB5EA34-3190-40F3-BC60-AEFFEBB4162A}
	EndGlobalSection
EndGlobal
