
Microsoft Visual Studio Solution File, Format Version 12.00
# Visual Studio Version 16
VisualStudioVersion = 16.0.29230.47
MinimumVisualStudioVersion = 10.0.40219.1
Project("{FAE04EC0-301F-11D3-BF4B-00C04F79EFBC}") = "lab12", "lab12\lab12.csproj", "{BD422D64-404F-403C-BCF5-3404DBBACB16}"
EndProject
Project("{FAE04EC0-301F-11D3-BF4B-00C04F79EFBC}") = "Lib", "Lib\Lib.csproj", "{B2196AAA-7324-4A21-8E34-8767FF96CF0B}"
EndProject
Global
	GlobalSection(SolutionConfigurationPlatforms) = preSolution
		Debug|Any CPU = Debug|Any CPU
		Release|Any CPU = Release|Any CPU
	EndGlobalSection
	GlobalSection(ProjectConfigurationPlatforms) = postSolution
		{BD422D64-404F-403C-BCF5-3404DBBACB16}.Debug|Any CPU.ActiveCfg = Debug|Any CPU
		{BD422D64-404F-403C-BCF5-3404DBBACB16}.Debug|Any CPU.Build.0 = Debug|Any CPU
		{BD422D64-404F-403C-BCF5-3404DBBACB16}.Release|Any CPU.ActiveCfg = Release|Any CPU
		{BD422D64-404F-403C-BCF5-3404DBBACB16}.Release|Any CPU.Build.0 = Release|Any CPU
		{B2196AAA-7324-4A21-8E34-8767FF96CF0B}.Debug|Any CPU.ActiveCfg = Debug|Any CPU
		{B2196AAA-7324-4A21-8E34-8767FF96CF0B}.Debug|Any CPU.Build.0 = Debug|Any CPU
		{B2196AAA-7324-4A21-8E34-8767FF96CF0B}.Release|Any CPU.ActiveCfg = Release|Any CPU
		{B2196AAA-7324-4A21-8E34-8767FF96CF0B}.Release|Any CPU.Build.0 = Release|Any CPU
	EndGlobalSection
	GlobalSection(SolutionProperties) = preSolution
		HideSolutionNode = FALSE
	EndGlobalSection
	GlobalSection(ExtensibilityGlobals) = postSolution
		SolutionGuid = {E825C810-7A3A-4F35-92CC-AF85C6164BDC}
	EndGlobalSection
EndGlobal
